#MicroXplorer Configuration settings - do not modify
FREERTOS.BinarySemaphores01=myBinarySem01,Dynamic,NULL
FREERTOS.FootprintOK=true
FREERTOS.HEAP_NUMBER=1
FREERTOS.IPParameters=Tasks01,HEAP_NUMBER,FootprintOK,configUSE_MUTEXES,configUSE_COUNTING_SEMAPHORES,BinarySemaphores01
FREERTOS.Tasks01=defaultTask,0,128,StartDefaultTask,Default,NULL,Dynamic,NULL,NULL;myTask02,-3,128,StartTask02,Default,NULL,Dynamic,NULL,NULL
FREERTOS.configUSE_COUNTING_SEMAPHORES=1
FREERTOS.configUSE_MUTEXES=0
File.Version=6
KeepUserPlacement=true
Mcu.Family=STM32F1
Mcu.IP0=FREERTOS
Mcu.IP1=NVIC
Mcu.IP2=RCC
Mcu.IP3=SYS
Mcu.IPNb=4
Mcu.Name=STM32F107V(B-C)Tx
Mcu.Package=LQFP100
Mcu.Pin0=PE2
Mcu.Pin1=PE3
Mcu.Pin10=PD7
Mcu.Pin11=PB9
Mcu.Pin12=VP_FREERTOS_VS_ENABLE
Mcu.Pin13=VP_SYS_VS_tim7
Mcu.Pin2=PE4
Mcu.Pin3=PE5
Mcu.Pin4=PE6
Mcu.Pin5=PD13
Mcu.Pin6=PA13
Mcu.Pin7=PA14
Mcu.Pin8=PD3
Mcu.Pin9=PD4
Mcu.PinsNb=14
Mcu.ThirdPartyNb=0
Mcu.UserConstants=
Mcu.UserName=STM32F107VCTx
MxCube.Version=4.25.0
MxDb.Version=DB.4.0.250
NVIC.BusFault_IRQn=true\:0\:0\:false\:false\:true\:false\:false
NVIC.DebugMonitor_IRQn=true\:0\:0\:false\:false\:true\:false\:false
NVIC.EXTI9_5_IRQn=true\:5\:0\:false\:false\:true\:true\:true
NVIC.HardFault_IRQn=true\:0\:0\:false\:false\:true\:false\:false
NVIC.MemoryManagement_IRQn=true\:0\:0\:false\:false\:true\:false\:false
NVIC.NonMaskableInt_IRQn=true\:0\:0\:false\:false\:true\:false\:false
NVIC.PendSV_IRQn=true\:15\:0\:false\:false\:false\:true\:false
NVIC.PriorityGroup=NVIC_PRIORITYGROUP_4
NVIC.SVCall_IRQn=true\:0\:0\:false\:false\:false\:false\:false
NVIC.SysTick_IRQn=true\:15\:0\:false\:false\:true\:true\:false
NVIC.TIM7_IRQn=true\:0\:0\:false\:false\:true\:false\:false
NVIC.TimeBase=TIM7_IRQn
NVIC.TimeBaseIP=TIM7
NVIC.UsageFault_IRQn=true\:0\:0\:false\:false\:true\:false\:false
PA13.Mode=Trace_Synchro_4bits_SW
PA13.Signal=SYS_JTMS-SWDIO
PA14.Mode=Trace_Synchro_4bits_SW
PA14.Signal=SYS_JTCK-SWCLK
PB9.GPIOParameters=GPIO_PuPd,GPIO_Label,GPIO_ModeDefaultEXTI
PB9.GPIO_Label=BUTTON_USER[KEY]
PB9.GPIO_ModeDefaultEXTI=GPIO_MODE_IT_FALLING
PB9.GPIO_PuPd=GPIO_NOPULL
PB9.Locked=true
PB9.Signal=GPXTI9
PCC.Checker=false
PCC.Line=STM32F105/107
PCC.MCU=STM32F107V(B-C)Tx
PCC.PartNumber=STM32F107VCTx
PCC.Seq0=0
PCC.Series=STM32F1
PCC.Temperature=25
PCC.Vdd=3.3
PD13.GPIOParameters=GPIO_Speed,GPIO_Label,GPIO_ModeDefaultOutputPP
PD13.GPIO_Label=LED_ORANGE[LD2 ]
PD13.GPIO_ModeDefaultOutputPP=GPIO_MODE_OUTPUT_PP
PD13.GPIO_Speed=GPIO_SPEED_FREQ_LOW
PD13.Signal=GPIO_Output
PD3.GPIOParameters=GPIO_Speed,GPIO_Label,GPIO_ModeDefaultOutputPP
PD3.GPIO_Label=LED_RED[LD3]
PD3.GPIO_ModeDefaultOutputPP=GPIO_MODE_OUTPUT_PP
PD3.GPIO_Speed=GPIO_SPEED_FREQ_LOW
PD3.Signal=GPIO_Output
PD4.GPIOParameters=GPIO_Speed,GPIO_Label,GPIO_ModeDefaultOutputPP
PD4.GPIO_Label=LED_BLUE[LD4]
PD4.GPIO_ModeDefaultOutputPP=GPIO_MODE_OUTPUT_PP
PD4.GPIO_Speed=GPIO_SPEED_FREQ_LOW
PD4.Signal=GPIO_Output
PD7.GPIOParameters=GPIO_Speed,GPIO_Label,GPIO_ModeDefaultOutputPP
PD7.GPIO_Label=LED_GREEN[LD1]
PD7.GPIO_ModeDefaultOutputPP=GPIO_MODE_OUTPUT_PP
PD7.GPIO_Speed=GPIO_SPEED_FREQ_LOW
PD7.Signal=GPIO_Output
PE2.Mode=Trace_Synchro_4bits_SW
PE2.Signal=SYS_TRACECLK
PE3.Mode=Trace_Synchro_4bits_SW
PE3.Signal=SYS_TRACED0
PE4.Mode=Trace_Synchro_4bits_SW
PE4.Signal=SYS_TRACED1
PE5.Mode=Trace_Synchro_4bits_SW
PE5.Signal=SYS_TRACED2
PE6.Mode=Trace_Synchro_4bits_SW
PE6.Signal=SYS_TRACED3
PinOutPanel.RotationAngle=0
ProjectManager.AskForMigrate=true
ProjectManager.BackupPrevious=false
ProjectManager.CompilerOptimize=3
ProjectManager.ComputerToolchain=false
ProjectManager.CoupleFile=false
ProjectManager.CustomerFirmwarePackage=C\:/Users/william2017/STM32Cube/Repository/STM32Cube_FW_F1_V1.6.1
ProjectManager.DefaultFWLocation=true
ProjectManager.DeletePrevious=true
ProjectManager.DeviceId=STM32F107VCTx
ProjectManager.FirmwarePackage=STM32Cube FW_F1 V1.6.1
ProjectManager.FreePins=false
ProjectManager.HalAssertFull=true
ProjectManager.HeapSize=0x200
ProjectManager.KeepUserCode=true
ProjectManager.LastFirmware=true
ProjectManager.LibraryCopy=1
ProjectManager.MainLocation=Src
ProjectManager.PreviousToolchain=
ProjectManager.ProjectBuild=false
ProjectManager.ProjectFileName=stm3210c.ioc
ProjectManager.ProjectName=stm3210c
ProjectManager.StackSize=0x400
ProjectManager.TargetToolchain=MDK-ARM V5
ProjectManager.ToolChainLocation=
ProjectManager.UnderRoot=false
ProjectManager.functionlistsort=1-MX_GPIO_Init-GPIO-false-HAL-true,2-SystemClock_Config-RCC-false-HAL-true
RCC.DATA_CACHE_ENABLE=0
RCC.FamilyName=M
RCC.INSTRUCTION_CACHE_ENABLE=0
RCC.IPParameters=DATA_CACHE_ENABLE,FamilyName,INSTRUCTION_CACHE_ENABLE,PLLCLKFreq_Value,PREFETCH_ENABLE,TimSysFreq_Value,USBFreq_Value
RCC.PLLCLKFreq_Value=16000000
RCC.PREFETCH_ENABLE=0
RCC.TimSysFreq_Value=8000000
RCC.USBFreq_Value=10666666.666666666
SH.GPXTI9.0=DAC_EXTI9
SH.GPXTI9.1=GPIO_EXTI9
SH.GPXTI9.ConfNb=2
VP_FREERTOS_VS_ENABLE.Mode=Enabled
VP_FREERTOS_VS_ENABLE.Signal=FREERTOS_VS_ENABLE
VP_SYS_VS_tim7.Mode=TIM7
VP_SYS_VS_tim7.Signal=SYS_VS_tim7
board=stm3210c
